{
  "version": 4,
  "terraform_version": "1.10.4",
  "serial": 17,
  "lineage": "988ac19e-2ca6-d874-ee57-0d1e93c57e44",
  "outputs": {
    "client_id": {
      "value": "p5t4lrm43hb72apa2d04rtvme",
      "type": "string"
    },
    "domain": {
      "value": "my-sample-app",
      "type": "string"
    },
    "identity_pool_id": {
      "value": "ap-southeast-1:9c043f29-95a6-457d-b842-f9cae0cd81ba",
      "type": "string"
    },
    "login_url": {
      "value": "https://my-sample-app.auth.ap-southeast-1.amazoncognito.com/login?client_id=p5t4lrm43hb72apa2d04rtvme\u0026response_type=token\u0026redirect_uri=http://localhost:8000/logged_in.html",
      "type": "string"
    },
    "logout_url": {
      "value": "https://my-sample-app.auth.ap-southeast-1.amazoncognito.com/logout?client_id=p5t4lrm43hb72apa2d04rtvme\u0026logout_uri=http://localhost:8000/logged_out.html",
      "type": "string"
    },
    "s3_bucket_name": {
      "value": "my-sample-app-bucket-unique",
      "type": "string"
    },
    "user_pool_id": {
      "value": "ap-southeast-1_15MtNQkA7",
      "type": "string"
    }
  },
  "resources": [
    {
      "mode": "managed",
      "type": "aws_cognito_identity_pool",
      "name": "my_identity_pool",
      "provider": "provider[\"registry.terraform.io/hashicorp/aws\"]",
      "instances": [
        {
          "schema_version": 0,
          "attributes": {
            "allow_classic_flow": false,
            "allow_unauthenticated_identities": false,
            "arn": "arn:aws:cognito-identity:ap-southeast-1:864981712604:identitypool/ap-southeast-1:9c043f29-95a6-457d-b842-f9cae0cd81ba",
            "cognito_identity_providers": [
              {
                "client_id": "p5t4lrm43hb72apa2d04rtvme",
                "provider_name": "cognito-idp.ap-southeast-1.amazonaws.com/ap-southeast-1_15MtNQkA7",
                "server_side_token_check": false
              }
            ],
            "developer_provider_name": "",
            "id": "ap-southeast-1:9c043f29-95a6-457d-b842-f9cae0cd81ba",
            "identity_pool_name": "my_sample_app_identity_pool",
            "openid_connect_provider_arns": [],
            "saml_provider_arns": [],
            "supported_login_providers": {},
            "tags": {},
            "tags_all": {}
          },
          "sensitive_attributes": [],
          "private": "bnVsbA==",
          "dependencies": [
            "aws_cognito_user_pool.my_pool",
            "aws_cognito_user_pool_client.my_client"
          ]
        }
      ]
    },
    {
      "mode": "managed",
      "type": "aws_cognito_identity_pool_roles_attachment",
      "name": "main",
      "provider": "provider[\"registry.terraform.io/hashicorp/aws\"]",
      "instances": [
        {
          "schema_version": 0,
          "attributes": {
            "id": "ap-southeast-1:9c043f29-95a6-457d-b842-f9cae0cd81ba",
            "identity_pool_id": "ap-southeast-1:9c043f29-95a6-457d-b842-f9cae0cd81ba",
            "role_mapping": [],
            "roles": {
              "authenticated": "arn:aws:iam::864981712604:role/CognitoAuthenticatedRole"
            }
          },
          "sensitive_attributes": [],
          "private": "bnVsbA==",
          "dependencies": [
            "aws_cognito_identity_pool.my_identity_pool",
            "aws_cognito_user_pool.my_pool",
            "aws_cognito_user_pool_client.my_client",
            "aws_iam_role.authenticated_role"
          ]
        }
      ]
    },
    {
      "mode": "managed",
      "type": "aws_cognito_user_pool",
      "name": "my_pool",
      "provider": "provider[\"registry.terraform.io/hashicorp/aws\"]",
      "instances": [
        {
          "schema_version": 0,
          "attributes": {
            "account_recovery_setting": [
              {
                "recovery_mechanism": [
                  {
                    "name": "verified_email",
                    "priority": 1
                  },
                  {
                    "name": "verified_phone_number",
                    "priority": 2
                  }
                ]
              }
            ],
            "admin_create_user_config": [
              {
                "allow_admin_create_user_only": true,
                "invite_message_template": []
              }
            ],
            "alias_attributes": null,
            "arn": "arn:aws:cognito-idp:ap-southeast-1:864981712604:userpool/ap-southeast-1_15MtNQkA7",
            "auto_verified_attributes": [
              "email"
            ],
            "creation_date": "2025-04-13T12:54:26Z",
            "custom_domain": "",
            "deletion_protection": "INACTIVE",
            "device_configuration": [],
            "domain": "my-sample-app",
            "email_configuration": [
              {
                "configuration_set": "",
                "email_sending_account": "COGNITO_DEFAULT",
                "from_email_address": "",
                "reply_to_email_address": "",
                "source_arn": ""
              }
            ],
            "email_mfa_configuration": [],
            "email_verification_message": "",
            "email_verification_subject": "",
            "endpoint": "cognito-idp.ap-southeast-1.amazonaws.com/ap-southeast-1_15MtNQkA7",
            "estimated_number_of_users": 1,
            "id": "ap-southeast-1_15MtNQkA7",
            "lambda_config": [],
            "last_modified_date": "2025-04-13T14:06:53Z",
            "mfa_configuration": "OFF",
            "name": "my-sample-app-pool",
            "password_policy": [
              {
                "minimum_length": 8,
                "password_history_size": 0,
                "require_lowercase": true,
                "require_numbers": true,
                "require_symbols": true,
                "require_uppercase": true,
                "temporary_password_validity_days": 7
              }
            ],
            "schema": [],
            "sign_in_policy": [
              {
                "allowed_first_auth_factors": [
                  "PASSWORD"
                ]
              }
            ],
            "sms_authentication_message": "",
            "sms_configuration": [],
            "sms_verification_message": "",
            "software_token_mfa_configuration": [],
            "tags": {},
            "tags_all": {},
            "user_attribute_update_settings": [],
            "user_pool_add_ons": [],
            "user_pool_tier": "ESSENTIALS",
            "username_attributes": [
              "email"
            ],
            "username_configuration": [],
            "verification_message_template": [
              {
                "default_email_option": "CONFIRM_WITH_CODE",
                "email_message": "",
                "email_message_by_link": "",
                "email_subject": "",
                "email_subject_by_link": "",
                "sms_message": ""
              }
            ],
            "web_authn_configuration": []
          },
          "sensitive_attributes": [],
          "private": "bnVsbA=="
        }
      ]
    },
    {
      "mode": "managed",
      "type": "aws_cognito_user_pool_client",
      "name": "my_client",
      "provider": "provider[\"registry.terraform.io/hashicorp/aws\"]",
      "instances": [
        {
          "schema_version": 0,
          "attributes": {
            "access_token_validity": 0,
            "allowed_oauth_flows": [
              "implicit"
            ],
            "allowed_oauth_flows_user_pool_client": true,
            "allowed_oauth_scopes": [
              "email",
              "openid",
              "profile"
            ],
            "analytics_configuration": [],
            "auth_session_validity": 3,
            "callback_urls": [
              "http://localhost:8000/logged_in.html"
            ],
            "client_secret": "",
            "default_redirect_uri": "",
            "enable_propagate_additional_user_context_data": false,
            "enable_token_revocation": true,
            "explicit_auth_flows": [],
            "generate_secret": null,
            "id": "p5t4lrm43hb72apa2d04rtvme",
            "id_token_validity": 0,
            "logout_urls": [
              "http://localhost:8000/logged_out.html"
            ],
            "name": "my-sample-app-client",
            "prevent_user_existence_errors": "",
            "read_attributes": [],
            "refresh_token_validity": 30,
            "supported_identity_providers": [
              "COGNITO"
            ],
            "token_validity_units": [],
            "user_pool_id": "ap-southeast-1_15MtNQkA7",
            "write_attributes": []
          },
          "sensitive_attributes": [
            [
              {
                "type": "get_attr",
                "value": "client_secret"
              }
            ]
          ],
          "dependencies": [
            "aws_cognito_user_pool.my_pool"
          ]
        }
      ]
    },
    {
      "mode": "managed",
      "type": "aws_cognito_user_pool_domain",
      "name": "my_domain",
      "provider": "provider[\"registry.terraform.io/hashicorp/aws\"]",
      "instances": [
        {
          "schema_version": 0,
          "attributes": {
            "aws_account_id": "864981712604",
            "certificate_arn": "",
            "cloudfront_distribution": "d3ownpzpj4jdb9.cloudfront.net",
            "cloudfront_distribution_arn": "d3ownpzpj4jdb9.cloudfront.net",
            "cloudfront_distribution_zone_id": "Z2FDTNDATAQYW2",
            "domain": "my-sample-app",
            "id": "my-sample-app",
            "s3_bucket": "aws-cognito-prod-sin-assets",
            "user_pool_id": "ap-southeast-1_15MtNQkA7",
            "version": "20250413125427"
          },
          "sensitive_attributes": [],
          "private": "bnVsbA==",
          "dependencies": [
            "aws_cognito_user_pool.my_pool"
          ]
        }
      ]
    },
    {
      "mode": "managed",
      "type": "aws_cognito_user_pool_ui_customization",
      "name": "main",
      "provider": "provider[\"registry.terraform.io/hashicorp/aws\"]",
      "instances": [
        {
          "schema_version": 0,
          "attributes": {
            "client_id": "p5t4lrm43hb72apa2d04rtvme",
            "creation_date": "0001-01-01T00:00:00Z",
            "css": ".banner-customizable {\n    background-color: #2c3e50;\n    /* Dark blue header */\n}\n\n.label-customizable {\n    color: #333;\n    /* Dark text for labels */\n    font-family: 'Arial', sans-serif;\n}\n\n.submitButton-customizable {\n    background-color: #3498db;\n    /* Blue button */\n    border: none;\n    border-radius: 5px;\n    color: white;\n    font-weight: bold;\n}\n\n.submitButton-customizable:hover {\n    background-color: #2980b9;\n    /* Darker blue on hover */\n}\n\n.inputField-customizable {\n    border: 1px solid #ccc;\n    border-radius: 4px;\n    padding: 8px;\n}\n\n.legalText-customizable {\n    color: #666;\n    /* Gray legal text */\n}",
            "css_version": "20250413142812",
            "id": "ap-southeast-1_15MtNQkA7,p5t4lrm43hb72apa2d04rtvme",
            "image_file": "/9j/4AAQSkZJRgABAQAAAQABAAD/2wCEAAkGBxASEBUSEA8VFRUVFxgWFRUVFRUVFRUVFRUWFxYVFRUYHyggGBolGxUVITEhJikrLi4uFx81ODMtNygtLisBCgoKDg0OGhAQGzYmICYtLS0tLzEtNS0tLSstLS0tLS0tLS0tLS0tLS0tLS0tLS8uLS0tLS0tLS0tLS0tLS0tLf/AABEIAOgA2QMBEQACEQEDEQH/xAAcAAEAAgMBAQEAAAAAAAAAAAAAAQIDBAUGBwj/xABOEAABAwIDAwYJBwYNBQEAAAABAAIDBBEFEiExQVEGEyJhcZEHFjJVgaGx0dIUI0JSYsHhFTNygpLwFyREU2Nzg4Sio7LC8TRUk7PTCP/EABoBAQADAQEBAAAAAAAAAAAAAAACAwQFAQb/xAA3EQEAAgIAAgULAwMEAwAAAAAAAQIDEQQhBRIxQVETIjJhcYGRocHh8BSx0SNCUhVDYtIzNPH/2gAMAwEAAhEDEQA/APuKAgICCpG9BZAQEBAQadXSOc64Ita2t+tBtMGgCCyAgIIcUFQgsEEoCAgINSqpi9wII2WN0GxE2zQOAA7kF0BAQEBAQEBAQEBAQQSghqCyAgICCrkANQWQEBAQEBAQEBAQQSgrc/uQgug1jWAOy2O225BsoCAgICCrigAILICAgIIJQSgICAgINeerDDYgnfpZBnabi6CUBAQEFSUENCC1kC6DA+kaXZtb7e5BsICAgIKEoJa1BZAQEBAQQQglAQEBAQYJqZrjc3va2iDK0WAHDRBZAQEFXFADUFkBBDQglAQEBBVwQa9bUiMA2uSbbbLJxfFfp6xOt7W4cXlJ0ww4qw+UC31j1LPi6UxW5WjXzj89yy3C2js5t5jwRcEEdS6Nb1tG6zuGeYmJ1Kyk8EFHPF7b0F0BAQEBAQQTbUryZiI3J2tObE427LuPVs71gy9JYacq8/Z/LRThrz28k0NdzhIy2trtvcKXCcbHETMa1r1vM2DycRO22tyhKCHIIDUFkBAQEBAQEFb6oLIORjbuk0dRPefwXC6Wt59a+qfz5N3CRymXjzjL2yOBAc0OIG4gA6arl6bHXw7FWuPzb7O3tO3u2FTx5cmKd0nSFqVtGrQ9BSYm12j+ieO4+5drhuk6X83Jyn5fZiycNNedebcc/cF1GVLGAdvFBdAQEBBUlBqVeINZoOk7gNg7SsHE9IY8Xmxzn87WjFw9r855Q4WJYpbWV/Y0fcPvXDzcRlzz58+7ubqY607HBqcbefzYDRxOp9wVPVWPU4NJ84PtA+y/3Lb0bbXERHjEx9foz8TG8bvr6RzWhW1D2usDbS40HXxQbrDcA8QgsgICAgICAgICCEHFxg/OD9Ee0r57pWf68eyP3l0eF9D3vnzzqe0rC0oBQdigxjK20t3a6Hfbr4qdOpEbnt8ELRM8oejw3FLC7SHNPq9x6itODpDJit53OPD+FWTh62jl2u5FUsc3MHC3XpZdzHxOK9evFuTBbHas6mEGrjH0x7fYozxmCP7nsYrz3I+XR/W9R9yh+v4f/L5T/D3yF/BIq4z9IesKUcbgn+55OG8dy7p2AXzCw33Vs58UV63WjXteRS0zrTj1+KXBscrd5OhPp3Lh8V0jbJ5uPlHzn+G3Fw0V525y8vW4zui/aP3D3rnxVqcd7yTckknedVIVQe3wJ2sR+yP9Kv4L/wBivt+kqc//AI5emBX1DlpsgICAgICCEEoCAgICDh4x+d/VHtK+d6U/8/uj6ujwvoe98/k2ntPtWJpQg6lFgcj9X9Aderu7d6U0jNncosMii1aCTvJP3bF7pCbS3UeCAgICDWrKGOUWeNmwgkW+5Hu5cSswB7dY3ZhwOjvcfUmkot4uO9pBsQQRtB0I9C8SGtJ0C9iJmdQTOnuMIjAMQBvoLG23orXwlIrxFPbP7KM0zOOXowF9G5qUBAQEBAQEHOFM/nM2XTNe9xsJQdFAQEBBxsaHTB+z95XA6Wj+rE+r6y6HCT5k+189dRvkmexjLnOSDpxAOY7mgA+k9iyVtHV1K6Y57erw3C2Ra+U/6x3fojcq3kzt0EeCAgINKogcXGzeFjptsPUra2rFdShMTtuqpMQEBBrVuHRzCzhYjY4bR7x1KylOs863Vefr6X5OLa3OxwJF7A69mp06xwurLapXl+fZ7E9aXqMI1kZfh/tXvA7vxNZn1/tLzPyxTD0K+lcwQEBBUhBZAQEBAQEBAQcrG2asPaPYuL0tXnSfb9G3hJ7XNpaRsebKNXEucd5ub27BdcuGiZ2zo8EBAQEBAQEBBICnSNy8mVibK21opyj8/PzkjETLWq6ZsjC140PeDxHWqN77U45NvCI7S9jT9wW3oyn9f3T9FfE2/p+9219A54gICAgICAgICAgi6CUHMxOW5DeG3tK4nSWaLWjHHd+7Zw9dRtpLmNAgxzzNY1z3uDWtBc5zjYNa0XJJOwABexEzOoJnT5//AAv4fzuXm5uazZefyty3+tkvmy79l+pdD/TcvV3y34M/6iu30CCZr2texwc1wDmuabtc0i4II2ghc+YmJ1LRE7ZF4CAgIPB494VKGmmdEI5Jgx2WR8eTIHb2tzEZyLa2061vxdH5L163YotnrE6evwbFYaqFk9O/Ox+w7CCNoI3EHcsl6Wx26s8phbW0WjcN1VpCDZw+XK/Xfot3AZox5dT2TyU5q9arrr6BhYJ6trTY39CDMDdBKAgICAgICCLoFkESPsCTuF1DJeKVm09z2sbnThOdc3O9fLWtNpm097pRGo0hReiD534cMUdFhzYmGxnkDXcebYC9w9JDPRddDo3HFsu57oUcRbVdPmGH47hjMHmpX0BdWvddlRZujSWkHOTmbYAjIBY79pXeYn1DwIYq6XDnRPNzBIWN/q3gPaPQS8dllwekccVy9aO+G3h7brp9DXPXiAg8/wAv8VdS4bUzMNnBmVhG0OkcI2uHWC6/oWjhccZMtayry21WZfDOQGO4bSipGI0JqecYGw2DHZDZwd5RGXNdvSFyMvWvpnPer8AWKuEtRSEnK5gmaNwc0hj7dZDmfsLldKY/Nrf3NPD25zD7QuM1iAg7dNLmYD39oX0/DZfK4ot+bc7JXq2mFJqQOdck7LaWV6DOAglAQEBAQEFXFBLQglBqYm+zLcT+P3Ln9JX6uHXjP3X8PG7bcpcFtEBWUxzfsRm0Q+VeH+AmmpZNzZXtPa9gI/8AWV0ei51e0epRxMcol8TXZZH2zwAQEU1TJudKxo7WMJP+sLi9KT59Y9TXw0cpfVVy2kQEHjvC5A5+D1GUXLebd6Gysv3C59C2cDOs9ff+yrNHmS/N6+iYH0jwEQOOIyPA6Lad1zuu6SOw9R7lzuk5/pRHrX8P6T7yuE2iAg6OFP0I9Pf/AMLs9F35Wp72TiY5xLfXVZhAQEFS5BWyC5KCpN0FgEEoCDnYq7Vo7fuXH6UtzrHta+GjlMtBclpAraU/ut2fujM90CWyzPKOUEV8XF5YYA2vo5KZxylwBY76sjdWns3HqJXvD5pxZIu8yU61dPz94gYr8o5j5FJmvbPb5m31ud8m3pXf/WYer1ut/PwYvJW3rT9A8j8AbQUcdM05i25e7ZmkcbuPZuHUAuBnzTlyTdtx06tdOtPMxjcz3Bo4uIA7yq4rMzqE3Jl5RQXcGTMOUX2OtbeS7Zw71orwt5jekJvzdaCZr2hzHBwO9pBHeFnmJidSmpXUjJonxSC7JGuY4cWuBB9RStprMWjueTG40/OOP+DzEaeoMTKWSZhdaOWJhe1zb6F2XyDrqHW2HaNV9Di4zFeu5nTBbFaJ1p9h8FvJB2H0pMwHPzEOkAIORrb5I7jQkXJJGlzvtdcnjeJjNfzeyGrDj6sc3tFiXNWoqHNJAtoL6jtvrdW0pFoRmdNlp0VaTcwx3T7QfuW/o22s2vGFHER5jqrvMQgIKEoJDUFkFNqCwCCUBAQcHGppS8CKIHTypHZG7TsABcewgdq4nSWvKxue76y14N9Xk87WV4hP8bxWCE62a1sUXYPnnPJPZa/AKnDWkxuKTPxn9tJ2mfFzX11O83bjdVsA+bZA5psAM2lOdTt4a6WGilabz244+f8ALyNR/csMTawXGOD+9wRBo7crYT61Dye/9v4TP3e9b/l8XXw/Ep3C4FPUtt5dNKLk9UbyWgf2hVNqVjxj2x9fslFp9rqwzB2wEHeHAtI9B29o0VUxpOJZF49fOuVlU99U9rjow5WjcBYXPadvcutw1YrjiY71Vu1xS0cFoRdzkhVPZVNa09GS4cNxs0kHtFvas/FVicczPclXtfQ1yVqksoaLm/oBcT2AalexGyZc2sr5wLiOOJut5KmUMtwIYy+YdRc0qytKz379kfn1Qm0uJ+Vg8a45F/dIY3Ds6ZmV/k9f7c++f/iHW/5fBhfPT3u7G6sdbooGj10tl7q3djj4z/2ebj/L8+Ddw6ua8ltNjkUztzZW00hHayHmnetQvTXpY9ezf12lE+FnpcKlnbIBLG0/aiJ4G5MbtW9gLirOC6vl669f7I5d9SdvSL6BiQSgqTdBYBBKAgICAgINOpqn3ywx537yTljZ+k6xN/sgE7L2Bug8bygfFz2SqqpamUAXpqUPa1t72zxwkuDT/TPLexcrjot5SJjUcu2fv9ObRh11ebWoIJ4wBR4TT0zf6WRkb+3JTseCbcXhYLTWfTvM+z76/ZfET3Q3eZxQ/wAppG9Qppn2/WM7b9yhvD4T8Y/h7q6zIMSB1q6Ujh8klB7/AJSfYvN4v8Z+Mf8AV7q3j8vuu+ie5wMtPTSEfT1a4dYu1xB/WXnWiOyZg1PfDowMsPpDqc4u9ZJVcylDIvHrzHKzky6oPPU78soFi0noSAbL8Hbr/wDK14OI6nm27EZrt5T8kVfk/Jn57bLdG/6fk267rd5bHre0NS9byT5NOp7yzvzSuFrDyIwdoHFx4+gbycGfiPKco7E4rp6VZUlJG3Ftf1SQe8Ee1SrE75PJaLaABxc2nhDvru6Tz+kct/8AEVqiIrXz7T7FXOZ5QxSwYiT0aqlaOBpZXHv+UD2KmJxeE/GP4T1bx+X3YzBig2VdI7qNLM31ioNu5e7w/wCM/GP4NX8fl92tWx1bwRU4dS1LODJAXn+ynYG/41Ks0j0bzH54xP0RmLd8bUwc0zJmMilnw+QkBsMwIhcbG0bGSF0LuyFwOm1bOEi85omdT28+/s+PxVZNRWdcnt6aqlb0ahjQdglZfm3doOsZ6jcbBmJNl2WVvEIACCUBAQEBAQEHAraKaZ5uXxxX2McWvkGnlPBvG3abNs7ZcjVqDYqKGKFjWwxtjYL9FjQ0XOt7DeddVyelK+jb2w1cNPbDWXHakPcACSbAC5PUF6OPg3Kqgq/+mq43k/Rvkf8A+N9nepW5OHyY/SqhXJW3ZLsqlNClGniVF6ICAgL2ImeUArtRjj1/t+fnJD0vYKmZmZ3KfY4uMcrMPpdKisjYfqg536/0bLut12VuPh8uT0aoWyVr2y7IKqTSvBsUdMyTM2RjXsLbOa4BzSDuIOhG1dLoyu8s28I/dn4ifN0yQ4e6D8w4mP8AmXG4b/Uudq39AnLoAMmq7jG6bTcX/D1IJQEBAQEBAQEBBgrY8zDxGo9Cy8bi8phmI7Y5/BZit1bw4y+bdAQfnHltyPNJiD2EWpnXmY4ENAiLgCwEgjM1zg23W06XX0nCZ/K44nvjtc/LTq2e28Dkzo8T+TSVTpYn0rubY6R5HOAwuzCN2jdBJa2wAg63VtsGK3bWPgjF7R2S+3uoYzut2ErPbo/BPdr3rIz3hjOGt3OPqVM9F4+6ZSjibeCn5N+36vxUJ6Ljut8vul+p9R+TPt/4fxUf9Kn/AD+X3P1PqBhv2/V+KlHRcd9vl9z9T6lxhzfrH1K+nR9Kx2yrtnmWRtDGN1+0lSjgMEc5jfveTnu+Lf8A6NrjGaSGKRzLtmdIxji0OaTEGZwPK1a+1+taK4MdfRrHwQm9p7ZfPvBjyYNdXMzN+ZhIkmO4gG7Y/wBYi1uAdwVPGZ/JY58Z7EsVOtZ+k1846AApVjc6eTOnUw6Ozb8fZuXe4DFFMfWjv/buYs9t214NxblIgICAgICCLoJQEBAQcatgyu02HUe5fOcZw/ksnLsns/hvxX61fWwtCopXc7TmXM5R4LHVwuif0TY5HgBzo3HeL6EbiN4JCvpxE4b7r7Ne9C2Prxzfnyspq7BsTjmlF5GSc4yTXJO2/Ts7g4OII2jMu7hz0zV61WK9JrOpd7wh+EqomrxNh1ZNFEIYgGte5rS4tL3Zo/JLgXlpNj5KuRcun8LOOM/lxcODooXevJf1oOjF4bMZG18Du2Ef7SEGwPDhjFiebprDaeafpfZfpoMMnhtxg7DA3si97ig59R4XMcf/AC3KODYYR6yy/rQZeSPhFrhidNLW18zoQ+0jXPdzYa8Fhc6NvROXNfZuQRigq+UWLSSQMIj0a1zvIggbcNzH6x6Tsu0lxtoNKc+emGu7J0pNp1D7byX5PQUFO2CAaDVzz5Ujzte73bgAF87mzWy261m6lIrGodcBQrXaUzpnhizOAHp6lrxY+vkilff6vzuVWtqu5dhoA0C78RERqGFK9BAQYZqlrTY347EGVpuLoJQRdAsglAQEBBhnjDhY/uVVlxVy16tkq2ms7hy6iNzdCPTuK4XE0vinqz8e6fZ+cm3HMW5wwrGtaWMYTBVRGGpibIw7juP1mkatd1jVWY8lsdutWdSjasWjUvi/K/wR1EF5KEmePbzZtzzR1bpPRY9S7GDpGtuWTlPy+zJfBMdj5tLE5ri17S1wNi1wIII2gg7CujExPOFCi9GSOUgEbQb6HYCRa4HGyDGgvBC57gxjS5zjYNaC5xPAAakryZiI3I+l8kPBFUTFsleTBHt5oWMzhwO6PdxPUNq5ufpGteWPnPj3fdopgmecvs+E4XBTRNhp4mxxt2Nb7STq49Z1XHvkte3WtO5a61isahvMCljrE85eWnwXY0uOVo/BXRFsk+TpH2/PzmhOq+dZ1aWAMFt52niu1w3DxhrrvntlkyZJvLMtKsQEBBr1FKHm5JGlv370GZjbADgLILIIaEEoCAgIKuQSGoIewEWIuFC9K3jq2jcPYtMTuHPqMPO1mvUdvoXJz9GzHPHz9TVTiInlZokEaFcuYmJ1LTE7F4ONyg5L0VaLVVO152B46Mg7Ht1t1bFdiz5MXoyhbHW3a+cYt4E9SaStsNzJ23N+uRnwro4+lP8AOvw/Pqotw3hLi/wM4lf89S9vOS//ADV3+p4vCfz3ofp7O5hHgTaCDV1hI3shbb/Mf8KpydKf4V+KdeG8ZfR8A5M0VE21LTtYdhf5Uju2R13EdV7LnZc+TL6cr60rXsddUppbtVmPXWRt2N2Gic7ytB6/wXTx8Hkyelyj5/b9+5ntlrXs7W/FE1os0WXTxYaYo1SGe1ptO5XViIgICAgICAgICAgINL5Y7PlsLZrb+NkG6gICAgxzQNd5Q9O/vVOXBjyxq8J1vavY4dbE9jiGWcBbbtsQOtcvL0bavOk7/dorxET2hFtCuZMTE6lpidi8BAQF6NmGicdvRHXt7lvw9H5L87co+ai+esdnN0YKZrNg14nauth4XHi9GOfj3s18lrdrMtCsQEBBUlBZAQEBAQEBAQEGMwtvfKL8baoMiAgICCAUFXQtOpaCeJAQRLC13lC/t71Vlw0yxq8bSre1expyYb9V3f71zsnRf+Fvi0V4nxhi/Jz+Le8+5Z/9Nzer4/ZP9RRkjw0/Sd3e8q7H0XP99vh+fRG3E+ENyKBrfJHp3966OLhseL0Y/lntktbtZVegICAgICAgICAgICAgICAgICAgglBF0EgIJQEBAQEBAQEBAQEBAQEBAQEBAQc5rH85fpWzddrX9iDooCAgIIJQV2oLAIJQEBAQc6qa8vNs1tLWvbYPQg6KAgICAg51WyQvOXNbS1r8EHRQEBAQEFSEFkBAQEBAQEEOKCoCC6AgICAgICAgICCCggFBZAQEBAQEBAQEBAQEBBF0BBKAgICDDJUsabE69hQZkBAQEBBBKCoCCwCCUBAQRdBKAgICAg/NHj7i3nCXuj+FWahDcug7lFygEXOmepDA4NJMYBBcLtOXJfKdzthOl7pqHvNahx7lDMM0U9S4B2W4Ywa5ZHb28In68RbaQD5yObV8b8c0/jNTq0vHzY1Y3ynjoatG87AvdQ83LM/lHygDQ8zVQBeYxeMA52sDy3Lkv5LgdnHgbNQc1KXlVjsjS9lXOWhjn5srA0tYQHZXFtnEFw0FymoNy15eW+MMOV9bM08HNY09xamoNyp4+Yt5wl7o/hTUG5PHzFvOEvdH8Kag3J4+Yt5wl7o/hTUG5Udy2xQm5rpCf1PhTUG1/H3FvOEvdH8Kag3J4+Yt5wl7o/hTUG5PHzFvOEvdH8Kag3J4+Yt5wl7o/hTUG5PHzFvOEvdH8Kag3J4+Yt5wl7mfCmoNyePuLecJe6P4U1BuTx8xbzhL3R/CmoNyePmLecJe6P4U1BuTx8xbzhL3R/CmoNyePmLecJe6P4U1BuTx8xbzhL3M+FNQblt03KrHJG546yZzbkXHNbQLnQi+9NQcyTlXjjSA6slF81tYfomzt24pqDmr4343/wB7L/le7qTUG5YH8usXBsa+W4/q/hTUG5V8fMW84S90fwpqDcvOj993r3L0eyl8IDy9r209iC9zi6UEyukiljzSc3GxpsZQ7RovkG8ly80bY4+XBabNpnBgOYN+Um93Pq3SXc2MAgiseB0eiY2El1tWjZVcvJXMYxsTmZREMzZWh3zTqYktIiBGYUzQcxft4DKmjbBXcsnyCzInxAvzOyTgOex8UcUrCRGGtc7mmkPY1uW7rNN00bbNLy75p4fFR5MrObbGKh/MNYJHPZlhyizwHZc+a+lxlTT3byMzgXEgEC5sHOzkC+gLrDMQN9hdevFEBAQEBAQEBAQEBAQEBAQEFoy0HpNDuokj2IMgkZ/ND9p3vQDIz+aH7TkGJ5F9BYcNdO9BCD//2Q==",
            "image_url": "https://d3ownpzpj4jdb9.cloudfront.net/ap-southeast-1_15MtNQkA7/p5t4lrm43hb72apa2d04rtvme/20250413142812/assets/images/image.jpg",
            "last_modified_date": "0001-01-01T00:00:00Z",
            "user_pool_id": "ap-southeast-1_15MtNQkA7"
          },
          "sensitive_attributes": [],
          "private": "bnVsbA==",
          "dependencies": [
            "aws_cognito_user_pool.my_pool",
            "aws_cognito_user_pool_client.my_client"
          ]
        }
      ]
    },
    {
      "mode": "managed",
      "type": "aws_iam_role",
      "name": "authenticated_role",
      "provider": "provider[\"registry.terraform.io/hashicorp/aws\"]",
      "instances": [
        {
          "schema_version": 0,
          "attributes": {
            "arn": "arn:aws:iam::864981712604:role/CognitoAuthenticatedRole",
            "assume_role_policy": "{\"Statement\":[{\"Action\":\"sts:AssumeRoleWithWebIdentity\",\"Condition\":{\"ForAnyValue:StringLike\":{\"cognito-identity.amazonaws.com:amr\":\"authenticated\"},\"StringEquals\":{\"cognito-identity.amazonaws.com:aud\":\"ap-southeast-1:9c043f29-95a6-457d-b842-f9cae0cd81ba\"}},\"Effect\":\"Allow\",\"Principal\":{\"Federated\":\"cognito-identity.amazonaws.com\"}}],\"Version\":\"2012-10-17\"}",
            "create_date": "2025-04-13T14:06:56Z",
            "description": "",
            "force_detach_policies": false,
            "id": "CognitoAuthenticatedRole",
            "inline_policy": [
              {
                "name": "S3ReadPolicy",
                "policy": "{\"Version\":\"2012-10-17\",\"Statement\":[{\"Action\":[\"s3:GetObject\",\"s3:ListBucket\"],\"Effect\":\"Allow\",\"Resource\":[\"arn:aws:s3:::my-sample-app-bucket-unique\",\"arn:aws:s3:::my-sample-app-bucket-unique/*\"]}]}"
              }
            ],
            "managed_policy_arns": [],
            "max_session_duration": 3600,
            "name": "CognitoAuthenticatedRole",
            "name_prefix": "",
            "path": "/",
            "permissions_boundary": "",
            "tags": {},
            "tags_all": {},
            "unique_id": "AROA4SZHNP3OLZATSPBOP"
          },
          "sensitive_attributes": [],
          "private": "bnVsbA==",
          "dependencies": [
            "aws_cognito_identity_pool.my_identity_pool",
            "aws_cognito_user_pool.my_pool",
            "aws_cognito_user_pool_client.my_client"
          ]
        }
      ]
    },
    {
      "mode": "managed",
      "type": "aws_iam_role_policy",
      "name": "authenticated_s3_policy",
      "provider": "provider[\"registry.terraform.io/hashicorp/aws\"]",
      "instances": [
        {
          "schema_version": 0,
          "attributes": {
            "id": "CognitoAuthenticatedRole:S3ReadPolicy",
            "name": "S3ReadPolicy",
            "name_prefix": "",
            "policy": "{\"Version\":\"2012-10-17\",\"Statement\":[{\"Action\":[\"s3:GetObject\",\"s3:ListBucket\"],\"Effect\":\"Allow\",\"Resource\":[\"arn:aws:s3:::my-sample-app-bucket-unique\",\"arn:aws:s3:::my-sample-app-bucket-unique/*\"]}]}",
            "role": "CognitoAuthenticatedRole"
          },
          "sensitive_attributes": [],
          "private": "bnVsbA==",
          "dependencies": [
            "aws_cognito_identity_pool.my_identity_pool",
            "aws_cognito_user_pool.my_pool",
            "aws_cognito_user_pool_client.my_client",
            "aws_iam_role.authenticated_role",
            "aws_s3_bucket.my_bucket"
          ]
        }
      ]
    },
    {
      "mode": "managed",
      "type": "aws_s3_bucket",
      "name": "my_bucket",
      "provider": "provider[\"registry.terraform.io/hashicorp/aws\"]",
      "instances": [
        {
          "schema_version": 0,
          "attributes": {
            "acceleration_status": "",
            "acl": null,
            "arn": "arn:aws:s3:::my-sample-app-bucket-unique",
            "bucket": "my-sample-app-bucket-unique",
            "bucket_domain_name": "my-sample-app-bucket-unique.s3.amazonaws.com",
            "bucket_prefix": "",
            "bucket_regional_domain_name": "my-sample-app-bucket-unique.s3.ap-southeast-1.amazonaws.com",
            "cors_rule": [
              {
                "allowed_headers": [
                  "*"
                ],
                "allowed_methods": [
                  "GET"
                ],
                "allowed_origins": [
                  "http://localhost:8000"
                ],
                "expose_headers": [],
                "max_age_seconds": 3000
              }
            ],
            "force_destroy": false,
            "grant": [
              {
                "id": "de529db0f3f2da63d3100a65e0a4dc6f7a38b30badb25a85c34fbe8c003038d0",
                "permissions": [
                  "FULL_CONTROL"
                ],
                "type": "CanonicalUser",
                "uri": ""
              }
            ],
            "hosted_zone_id": "Z3O0J2DXBE1FTB",
            "id": "my-sample-app-bucket-unique",
            "lifecycle_rule": [],
            "logging": [],
            "object_lock_configuration": [],
            "object_lock_enabled": false,
            "policy": "",
            "region": "ap-southeast-1",
            "replication_configuration": [],
            "request_payer": "BucketOwner",
            "server_side_encryption_configuration": [
              {
                "rule": [
                  {
                    "apply_server_side_encryption_by_default": [
                      {
                        "kms_master_key_id": "",
                        "sse_algorithm": "AES256"
                      }
                    ],
                    "bucket_key_enabled": false
                  }
                ]
              }
            ],
            "tags": {},
            "tags_all": {},
            "timeouts": null,
            "versioning": [
              {
                "enabled": false,
                "mfa_delete": false
              }
            ],
            "website": [],
            "website_domain": null,
            "website_endpoint": null
          },
          "sensitive_attributes": [],
          "private": "eyJlMmJmYjczMC1lY2FhLTExZTYtOGY4OC0zNDM2M2JjN2M0YzAiOnsiY3JlYXRlIjoxMjAwMDAwMDAwMDAwLCJkZWxldGUiOjM2MDAwMDAwMDAwMDAsInJlYWQiOjEyMDAwMDAwMDAwMDAsInVwZGF0ZSI6MTIwMDAwMDAwMDAwMH19"
        }
      ]
    },
    {
      "mode": "managed",
      "type": "aws_s3_bucket_cors_configuration",
      "name": "my_bucket_cors",
      "provider": "provider[\"registry.terraform.io/hashicorp/aws\"]",
      "instances": [
        {
          "schema_version": 0,
          "attributes": {
            "bucket": "my-sample-app-bucket-unique",
            "cors_rule": [
              {
                "allowed_headers": [
                  "*"
                ],
                "allowed_methods": [
                  "GET"
                ],
                "allowed_origins": [
                  "http://localhost:8000"
                ],
                "expose_headers": [],
                "id": "",
                "max_age_seconds": 3000
              }
            ],
            "expected_bucket_owner": "",
            "id": "my-sample-app-bucket-unique"
          },
          "sensitive_attributes": [],
          "private": "bnVsbA==",
          "dependencies": [
            "aws_s3_bucket.my_bucket"
          ]
        }
      ]
    }
  ],
  "check_results": null
}
