{
  "version": 4,
  "terraform_version": "1.10.4",
  "serial": 19,
  "lineage": "988ac19e-2ca6-d874-ee57-0d1e93c57e44",
  "outputs": {
    "client_id": {
      "value": "p5t4lrm43hb72apa2d04rtvme",
      "type": "string"
    },
    "domain": {
      "value": "my-sample-app",
      "type": "string"
    },
    "identity_pool_id": {
      "value": "ap-southeast-1:9c043f29-95a6-457d-b842-f9cae0cd81ba",
      "type": "string"
    },
    "login_url": {
      "value": "https://my-sample-app.auth.ap-southeast-1.amazoncognito.com/login?client_id=p5t4lrm43hb72apa2d04rtvme\u0026response_type=token\u0026redirect_uri=http://localhost:8000/logged_in.html",
      "type": "string"
    },
    "logout_url": {
      "value": "https://my-sample-app.auth.ap-southeast-1.amazoncognito.com/logout?client_id=p5t4lrm43hb72apa2d04rtvme\u0026logout_uri=http://localhost:8000/logged_out.html",
      "type": "string"
    },
    "s3_bucket_name": {
      "value": "my-sample-app-bucket-unique",
      "type": "string"
    },
    "user_pool_id": {
      "value": "ap-southeast-1_15MtNQkA7",
      "type": "string"
    }
  },
  "resources": [
    {
      "mode": "managed",
      "type": "aws_cognito_identity_pool",
      "name": "my_identity_pool",
      "provider": "provider[\"registry.terraform.io/hashicorp/aws\"]",
      "instances": [
        {
          "schema_version": 0,
          "attributes": {
            "allow_classic_flow": false,
            "allow_unauthenticated_identities": false,
            "arn": "arn:aws:cognito-identity:ap-southeast-1:864981712604:identitypool/ap-southeast-1:9c043f29-95a6-457d-b842-f9cae0cd81ba",
            "cognito_identity_providers": [
              {
                "client_id": "p5t4lrm43hb72apa2d04rtvme",
                "provider_name": "cognito-idp.ap-southeast-1.amazonaws.com/ap-southeast-1_15MtNQkA7",
                "server_side_token_check": false
              }
            ],
            "developer_provider_name": "",
            "id": "ap-southeast-1:9c043f29-95a6-457d-b842-f9cae0cd81ba",
            "identity_pool_name": "my_sample_app_identity_pool",
            "openid_connect_provider_arns": [],
            "saml_provider_arns": [],
            "supported_login_providers": {},
            "tags": {},
            "tags_all": {}
          },
          "sensitive_attributes": [],
          "private": "bnVsbA==",
          "dependencies": [
            "aws_cognito_user_pool.my_pool",
            "aws_cognito_user_pool_client.my_client"
          ]
        }
      ]
    },
    {
      "mode": "managed",
      "type": "aws_cognito_identity_pool_roles_attachment",
      "name": "main",
      "provider": "provider[\"registry.terraform.io/hashicorp/aws\"]",
      "instances": [
        {
          "schema_version": 0,
          "attributes": {
            "id": "ap-southeast-1:9c043f29-95a6-457d-b842-f9cae0cd81ba",
            "identity_pool_id": "ap-southeast-1:9c043f29-95a6-457d-b842-f9cae0cd81ba",
            "role_mapping": [],
            "roles": {
              "authenticated": "arn:aws:iam::864981712604:role/CognitoAuthenticatedRole"
            }
          },
          "sensitive_attributes": [],
          "private": "bnVsbA==",
          "dependencies": [
            "aws_cognito_identity_pool.my_identity_pool",
            "aws_cognito_user_pool.my_pool",
            "aws_cognito_user_pool_client.my_client",
            "aws_iam_role.authenticated_role"
          ]
        }
      ]
    },
    {
      "mode": "managed",
      "type": "aws_cognito_user_pool",
      "name": "my_pool",
      "provider": "provider[\"registry.terraform.io/hashicorp/aws\"]",
      "instances": [
        {
          "schema_version": 0,
          "attributes": {
            "account_recovery_setting": [
              {
                "recovery_mechanism": [
                  {
                    "name": "verified_email",
                    "priority": 1
                  },
                  {
                    "name": "verified_phone_number",
                    "priority": 2
                  }
                ]
              }
            ],
            "admin_create_user_config": [
              {
                "allow_admin_create_user_only": true,
                "invite_message_template": []
              }
            ],
            "alias_attributes": null,
            "arn": "arn:aws:cognito-idp:ap-southeast-1:864981712604:userpool/ap-southeast-1_15MtNQkA7",
            "auto_verified_attributes": [
              "email"
            ],
            "creation_date": "2025-04-13T12:54:26Z",
            "custom_domain": "",
            "deletion_protection": "INACTIVE",
            "device_configuration": [],
            "domain": "my-sample-app",
            "email_configuration": [
              {
                "configuration_set": "",
                "email_sending_account": "COGNITO_DEFAULT",
                "from_email_address": "",
                "reply_to_email_address": "",
                "source_arn": ""
              }
            ],
            "email_mfa_configuration": [],
            "email_verification_message": "",
            "email_verification_subject": "",
            "endpoint": "cognito-idp.ap-southeast-1.amazonaws.com/ap-southeast-1_15MtNQkA7",
            "estimated_number_of_users": 1,
            "id": "ap-southeast-1_15MtNQkA7",
            "lambda_config": [],
            "last_modified_date": "2025-04-13T14:06:53Z",
            "mfa_configuration": "OFF",
            "name": "my-sample-app-pool",
            "password_policy": [
              {
                "minimum_length": 8,
                "password_history_size": 0,
                "require_lowercase": true,
                "require_numbers": true,
                "require_symbols": true,
                "require_uppercase": true,
                "temporary_password_validity_days": 7
              }
            ],
            "schema": [],
            "sign_in_policy": [
              {
                "allowed_first_auth_factors": [
                  "PASSWORD"
                ]
              }
            ],
            "sms_authentication_message": "",
            "sms_configuration": [],
            "sms_verification_message": "",
            "software_token_mfa_configuration": [],
            "tags": {},
            "tags_all": {},
            "user_attribute_update_settings": [],
            "user_pool_add_ons": [],
            "user_pool_tier": "ESSENTIALS",
            "username_attributes": [
              "email"
            ],
            "username_configuration": [],
            "verification_message_template": [
              {
                "default_email_option": "CONFIRM_WITH_CODE",
                "email_message": "",
                "email_message_by_link": "",
                "email_subject": "",
                "email_subject_by_link": "",
                "sms_message": ""
              }
            ],
            "web_authn_configuration": []
          },
          "sensitive_attributes": [],
          "private": "bnVsbA=="
        }
      ]
    },
    {
      "mode": "managed",
      "type": "aws_cognito_user_pool_client",
      "name": "my_client",
      "provider": "provider[\"registry.terraform.io/hashicorp/aws\"]",
      "instances": [
        {
          "schema_version": 0,
          "attributes": {
            "access_token_validity": 0,
            "allowed_oauth_flows": [
              "implicit"
            ],
            "allowed_oauth_flows_user_pool_client": true,
            "allowed_oauth_scopes": [
              "email",
              "openid",
              "profile"
            ],
            "analytics_configuration": [],
            "auth_session_validity": 3,
            "callback_urls": [
              "http://localhost:8000/logged_in.html"
            ],
            "client_secret": "",
            "default_redirect_uri": "",
            "enable_propagate_additional_user_context_data": false,
            "enable_token_revocation": true,
            "explicit_auth_flows": [],
            "generate_secret": null,
            "id": "p5t4lrm43hb72apa2d04rtvme",
            "id_token_validity": 0,
            "logout_urls": [
              "http://localhost:8000/logged_out.html"
            ],
            "name": "my-sample-app-client",
            "prevent_user_existence_errors": "",
            "read_attributes": [],
            "refresh_token_validity": 30,
            "supported_identity_providers": [
              "COGNITO"
            ],
            "token_validity_units": [],
            "user_pool_id": "ap-southeast-1_15MtNQkA7",
            "write_attributes": []
          },
          "sensitive_attributes": [
            [
              {
                "type": "get_attr",
                "value": "client_secret"
              }
            ]
          ],
          "dependencies": [
            "aws_cognito_user_pool.my_pool"
          ]
        }
      ]
    },
    {
      "mode": "managed",
      "type": "aws_cognito_user_pool_domain",
      "name": "my_domain",
      "provider": "provider[\"registry.terraform.io/hashicorp/aws\"]",
      "instances": [
        {
          "schema_version": 0,
          "attributes": {
            "aws_account_id": "864981712604",
            "certificate_arn": "",
            "cloudfront_distribution": "d3ownpzpj4jdb9.cloudfront.net",
            "cloudfront_distribution_arn": "d3ownpzpj4jdb9.cloudfront.net",
            "cloudfront_distribution_zone_id": "Z2FDTNDATAQYW2",
            "domain": "my-sample-app",
            "id": "my-sample-app",
            "s3_bucket": "aws-cognito-prod-sin-assets",
            "user_pool_id": "ap-southeast-1_15MtNQkA7",
            "version": "20250413125427"
          },
          "sensitive_attributes": [],
          "private": "bnVsbA==",
          "dependencies": [
            "aws_cognito_user_pool.my_pool"
          ]
        }
      ]
    },
    {
      "mode": "managed",
      "type": "aws_iam_role",
      "name": "authenticated_role",
      "provider": "provider[\"registry.terraform.io/hashicorp/aws\"]",
      "instances": [
        {
          "schema_version": 0,
          "attributes": {
            "arn": "arn:aws:iam::864981712604:role/CognitoAuthenticatedRole",
            "assume_role_policy": "{\"Statement\":[{\"Action\":\"sts:AssumeRoleWithWebIdentity\",\"Condition\":{\"ForAnyValue:StringLike\":{\"cognito-identity.amazonaws.com:amr\":\"authenticated\"},\"StringEquals\":{\"cognito-identity.amazonaws.com:aud\":\"ap-southeast-1:9c043f29-95a6-457d-b842-f9cae0cd81ba\"}},\"Effect\":\"Allow\",\"Principal\":{\"Federated\":\"cognito-identity.amazonaws.com\"}}],\"Version\":\"2012-10-17\"}",
            "create_date": "2025-04-13T14:06:56Z",
            "description": "",
            "force_detach_policies": false,
            "id": "CognitoAuthenticatedRole",
            "inline_policy": [
              {
                "name": "S3ReadPolicy",
                "policy": "{\"Version\":\"2012-10-17\",\"Statement\":[{\"Action\":[\"s3:GetObject\",\"s3:ListBucket\"],\"Effect\":\"Allow\",\"Resource\":[\"arn:aws:s3:::my-sample-app-bucket-unique\",\"arn:aws:s3:::my-sample-app-bucket-unique/*\"]}]}"
              }
            ],
            "managed_policy_arns": [],
            "max_session_duration": 3600,
            "name": "CognitoAuthenticatedRole",
            "name_prefix": "",
            "path": "/",
            "permissions_boundary": "",
            "tags": {},
            "tags_all": {},
            "unique_id": "AROA4SZHNP3OLZATSPBOP"
          },
          "sensitive_attributes": [],
          "private": "bnVsbA==",
          "dependencies": [
            "aws_cognito_identity_pool.my_identity_pool",
            "aws_cognito_user_pool.my_pool",
            "aws_cognito_user_pool_client.my_client"
          ]
        }
      ]
    },
    {
      "mode": "managed",
      "type": "aws_iam_role_policy",
      "name": "authenticated_s3_policy",
      "provider": "provider[\"registry.terraform.io/hashicorp/aws\"]",
      "instances": [
        {
          "schema_version": 0,
          "attributes": {
            "id": "CognitoAuthenticatedRole:S3ReadPolicy",
            "name": "S3ReadPolicy",
            "name_prefix": "",
            "policy": "{\"Version\":\"2012-10-17\",\"Statement\":[{\"Action\":[\"s3:GetObject\",\"s3:ListBucket\"],\"Effect\":\"Allow\",\"Resource\":[\"arn:aws:s3:::my-sample-app-bucket-unique\",\"arn:aws:s3:::my-sample-app-bucket-unique/*\"]}]}",
            "role": "CognitoAuthenticatedRole"
          },
          "sensitive_attributes": [],
          "private": "bnVsbA==",
          "dependencies": [
            "aws_cognito_identity_pool.my_identity_pool",
            "aws_cognito_user_pool.my_pool",
            "aws_cognito_user_pool_client.my_client",
            "aws_iam_role.authenticated_role",
            "aws_s3_bucket.my_bucket"
          ]
        }
      ]
    },
    {
      "mode": "managed",
      "type": "aws_s3_bucket",
      "name": "my_bucket",
      "provider": "provider[\"registry.terraform.io/hashicorp/aws\"]",
      "instances": [
        {
          "schema_version": 0,
          "attributes": {
            "acceleration_status": "",
            "acl": null,
            "arn": "arn:aws:s3:::my-sample-app-bucket-unique",
            "bucket": "my-sample-app-bucket-unique",
            "bucket_domain_name": "my-sample-app-bucket-unique.s3.amazonaws.com",
            "bucket_prefix": "",
            "bucket_regional_domain_name": "my-sample-app-bucket-unique.s3.ap-southeast-1.amazonaws.com",
            "cors_rule": [
              {
                "allowed_headers": [
                  "*"
                ],
                "allowed_methods": [
                  "GET"
                ],
                "allowed_origins": [
                  "http://localhost:8000"
                ],
                "expose_headers": [],
                "max_age_seconds": 3000
              }
            ],
            "force_destroy": false,
            "grant": [
              {
                "id": "de529db0f3f2da63d3100a65e0a4dc6f7a38b30badb25a85c34fbe8c003038d0",
                "permissions": [
                  "FULL_CONTROL"
                ],
                "type": "CanonicalUser",
                "uri": ""
              }
            ],
            "hosted_zone_id": "Z3O0J2DXBE1FTB",
            "id": "my-sample-app-bucket-unique",
            "lifecycle_rule": [],
            "logging": [],
            "object_lock_configuration": [],
            "object_lock_enabled": false,
            "policy": "",
            "region": "ap-southeast-1",
            "replication_configuration": [],
            "request_payer": "BucketOwner",
            "server_side_encryption_configuration": [
              {
                "rule": [
                  {
                    "apply_server_side_encryption_by_default": [
                      {
                        "kms_master_key_id": "",
                        "sse_algorithm": "AES256"
                      }
                    ],
                    "bucket_key_enabled": false
                  }
                ]
              }
            ],
            "tags": {},
            "tags_all": {},
            "timeouts": null,
            "versioning": [
              {
                "enabled": false,
                "mfa_delete": false
              }
            ],
            "website": [],
            "website_domain": null,
            "website_endpoint": null
          },
          "sensitive_attributes": [],
          "private": "eyJlMmJmYjczMC1lY2FhLTExZTYtOGY4OC0zNDM2M2JjN2M0YzAiOnsiY3JlYXRlIjoxMjAwMDAwMDAwMDAwLCJkZWxldGUiOjM2MDAwMDAwMDAwMDAsInJlYWQiOjEyMDAwMDAwMDAwMDAsInVwZGF0ZSI6MTIwMDAwMDAwMDAwMH19"
        }
      ]
    },
    {
      "mode": "managed",
      "type": "aws_s3_bucket_cors_configuration",
      "name": "my_bucket_cors",
      "provider": "provider[\"registry.terraform.io/hashicorp/aws\"]",
      "instances": [
        {
          "schema_version": 0,
          "attributes": {
            "bucket": "my-sample-app-bucket-unique",
            "cors_rule": [
              {
                "allowed_headers": [
                  "*"
                ],
                "allowed_methods": [
                  "GET"
                ],
                "allowed_origins": [
                  "http://localhost:8000"
                ],
                "expose_headers": [],
                "id": "",
                "max_age_seconds": 3000
              }
            ],
            "expected_bucket_owner": "",
            "id": "my-sample-app-bucket-unique"
          },
          "sensitive_attributes": [],
          "private": "bnVsbA==",
          "dependencies": [
            "aws_s3_bucket.my_bucket"
          ]
        }
      ]
    }
  ],
  "check_results": null
}
